
Microsoft Visual Studio Solution File, Format Version 12.00
# Visual Studio Version 16
VisualStudioVersion = 16.0.30204.135
MinimumVisualStudioVersion = 10.0.40219.1
Project("{FAE04EC0-301F-11D3-BF4B-00C04F79EFBC}") = "DotNetApi", "DotNetApi.csproj", "{AB2FAA4E-EA60-4F6F-A1DB-538F59AEACDF}"
EndProject
Global
	GlobalSection(SolutionConfigurationPlatforms) = preSolution
		Debug|Any CPU = Debug|Any CPU
		Release|Any CPU = Release|Any CPU
	EndGlobalSection
	GlobalSection(ProjectConfigurationPlatforms) = postSolution
		{AB2FAA4E-EA60-4F6F-A1DB-538F59AEACDF}.Debug|Any CPU.ActiveCfg = Debug|Any CPU
		{AB2FAA4E-EA60-4F6F-A1DB-538F59AEACDF}.Debug|Any CPU.Build.0 = Debug|Any CPU
		{AB2FAA4E-EA60-4F6F-A1DB-538F59AEACDF}.Release|Any CPU.ActiveCfg = Release|Any CPU
		{AB2FAA4E-EA60-4F6F-A1DB-538F59AEACDF}.Release|Any CPU.Build.0 = Release|Any CPU
	EndGlobalSection
	GlobalSection(SolutionProperties) = preSolution
		HideSolutionNode = FALSE
	EndGlobalSection
	GlobalSection(ExtensibilityGlobals) = postSolution
		SolutionGuid = {63579133-C232-4D52-8BC5-2B21A03804F0}
	EndGlobalSection
EndGlobal
